{
  "name": "heimdall-docs",
  "version": "1.0.0",
  "lockfileVersion": 2,
  "requires": true,
  "packages": {
    "": {
      "name": "heimdall-docs",
      "version": "1.0.0",
      "license": "Apache 2.0",
      "dependencies": {
        "bootstrap": "^5.2.0",
        "bootstrap-icons": "^1.8.3",
        "hugo-flexsearch": "1.0.2"
      }
    },
    "node_modules/@popperjs/core": {
      "version": "2.11.5",
      "resolved": "https://registry.npmjs.org/@popperjs/core/-/core-2.11.5.tgz",
      "integrity": "sha512-9X2obfABZuDVLCgPK9aX0a/x4jaOEweTTWE2+9sr0Qqqevj2Uv5XorvusThmc9XGYpS9yI+fhh8RTafBtGposw==",
      "peer": true,
      "funding": {
        "type": "opencollective",
        "url": "https://opencollective.com/popperjs"
      }
    },
    "node_modules/bootstrap": {
      "version": "5.2.0",
      "resolved": "https://registry.npmjs.org/bootstrap/-/bootstrap-5.2.0.tgz",
      "integrity": "sha512-qlnS9GL6YZE6Wnef46GxGv1UpGGzAwO0aPL1yOjzDIJpeApeMvqV24iL+pjr2kU4dduoBA9fINKWKgMToobx9A==",
      "funding": [
        {
          "type": "github",
          "url": "https://github.com/sponsors/twbs"
        },
        {
          "type": "opencollective",
          "url": "https://opencollective.com/bootstrap"
        }
      ],
      "peerDependencies": {
        "@popperjs/core": "^2.11.5"
      }
    },
    "node_modules/bootstrap-icons": {
      "version": "1.8.3",
      "resolved": "https://registry.npmjs.org/bootstrap-icons/-/bootstrap-icons-1.8.3.tgz",
      "integrity": "sha512-s5kmttnbq4BXbx3Bwnj39y+t7Vc3blTtyD77W3aYQ1LlNoS3lNbbGvSYhIbg26Im8KmjScyFpHEevlPOBcIDdA=="
    },
    "node_modules/flexsearch": {
      "version": "0.6.32",
      "resolved": "https://registry.npmjs.org/flexsearch/-/flexsearch-0.6.32.tgz",
      "integrity": "sha512-EF1BWkhwoeLtbIlDbY/vDSLBen/E5l/f1Vg7iX5CDymQCamcx1vhlc3tIZxIDplPjgi0jhG37c67idFbjg+v+Q=="
    },
    "node_modules/hugo-flexsearch": {
      "version": "1.0.2",
      "resolved": "https://registry.npmjs.org/hugo-flexsearch/-/hugo-flexsearch-1.0.2.tgz",
      "integrity": "sha512-vJDRMFYj77zeU95vnBpM3fvI8HVsygzZZDwciuy1ZiKwUdwDpsy7wF1Ss1TDPe4HTIiLzUwrc0qIsG2V7esZSw==",
      "dependencies": {
        "flexsearch": "^0.6.32"
      }
    }
  },
  "dependencies": {
    "@popperjs/core": {
      "version": "2.11.5",
      "resolved": "https://registry.npmjs.org/@popperjs/core/-/core-2.11.5.tgz",
      "integrity": "sha512-9X2obfABZuDVLCgPK9aX0a/x4jaOEweTTWE2+9sr0Qqqevj2Uv5XorvusThmc9XGYpS9yI+fhh8RTafBtGposw==",
      "peer": true
    },
    "bootstrap": {
      "version": "5.2.0",
      "resolved": "https://registry.npmjs.org/bootstrap/-/bootstrap-5.2.0.tgz",
      "integrity": "sha512-qlnS9GL6YZE6Wnef46GxGv1UpGGzAwO0aPL1yOjzDIJpeApeMvqV24iL+pjr2kU4dduoBA9fINKWKgMToobx9A==",
      "requires": {}
    },
    "bootstrap-icons": {
      "version": "1.8.3",
      "resolved": "https://registry.npmjs.org/bootstrap-icons/-/bootstrap-icons-1.8.3.tgz",
      "integrity": "sha512-s5kmttnbq4BXbx3Bwnj39y+t7Vc3blTtyD77W3aYQ1LlNoS3lNbbGvSYhIbg26Im8KmjScyFpHEevlPOBcIDdA=="
    },
    "flexsearch": {
      "version": "0.6.32",
      "resolved": "https://registry.npmjs.org/flexsearch/-/flexsearch-0.6.32.tgz",
      "integrity": "sha512-EF1BWkhwoeLtbIlDbY/vDSLBen/E5l/f1Vg7iX5CDymQCamcx1vhlc3tIZxIDplPjgi0jhG37c67idFbjg+v+Q=="
    },
    "hugo-flexsearch": {
      "version": "1.0.2",
      "resolved": "https://registry.npmjs.org/hugo-flexsearch/-/hugo-flexsearch-1.0.2.tgz",
      "integrity": "sha512-vJDRMFYj77zeU95vnBpM3fvI8HVsygzZZDwciuy1ZiKwUdwDpsy7wF1Ss1TDPe4HTIiLzUwrc0qIsG2V7esZSw==",
      "requires": {
        "flexsearch": "^0.6.32"
      }
    }
  }
}
