{
  "name": "heimdall-docs",
  "version": "1.0.0",
  "lockfileVersion": 3,
  "requires": true,
  "packages": {
    "": {
      "name": "heimdall-docs",
      "version": "1.0.0",
      "license": "Apache 2.0",
      "dependencies": {
        "bootstrap": "^5.3.0",
        "bootstrap-icons": "^1.8.3",
        "hugo-flexsearch": "1.0.2"
      }
    },
    "node_modules/@popperjs/core": {
      "version": "2.11.8",
      "resolved": "https://registry.npmjs.org/@popperjs/core/-/core-2.11.8.tgz",
      "integrity": "sha512-P1st0aksCrn9sGZhp8GMYwBnQsbvAWsZAX44oXNNvLHGqAOcoVxmjZiohstwQ7SqKnbR47akdNi+uleWD8+g6A==",
      "license": "MIT",
      "peer": true,
      "funding": {
        "type": "opencollective",
        "url": "https://opencollective.com/popperjs"
      }
    },
    "node_modules/bootstrap": {
      "version": "5.3.6",
      "resolved": "https://registry.npmjs.org/bootstrap/-/bootstrap-5.3.6.tgz",
      "integrity": "sha512-jX0GAcRzvdwISuvArXn3m7KZscWWFAf1MKBcnzaN02qWMb3jpMoUX4/qgeiGzqyIb4ojulRzs89UCUmGcFSzTA==",
      "funding": [
        {
          "type": "github",
          "url": "https://github.com/sponsors/twbs"
        },
        {
          "type": "opencollective",
          "url": "https://opencollective.com/bootstrap"
        }
      ],
      "license": "MIT",
      "peerDependencies": {
        "@popperjs/core": "^2.11.8"
      }
    },
    "node_modules/bootstrap-icons": {
      "version": "1.12.1",
      "resolved": "https://registry.npmjs.org/bootstrap-icons/-/bootstrap-icons-1.12.1.tgz",
      "integrity": "sha512-ekwupjsteHQmgGV+haQ0nNMoSyKCbJj5ou+06vFzb9uR2/bwN9isNEgXBaQzcT+fLzhKS3OaBNpwz8XdZlIgYQ==",
      "funding": [
        {
          "type": "github",
          "url": "https://github.com/sponsors/twbs"
        },
        {
          "type": "opencollective",
          "url": "https://opencollective.com/bootstrap"
        }
      ],
      "license": "MIT"
    },
    "node_modules/flexsearch": {
      "version": "0.6.32",
      "resolved": "https://registry.npmjs.org/flexsearch/-/flexsearch-0.6.32.tgz",
      "integrity": "sha512-EF1BWkhwoeLtbIlDbY/vDSLBen/E5l/f1Vg7iX5CDymQCamcx1vhlc3tIZxIDplPjgi0jhG37c67idFbjg+v+Q==",
      "license": "Apache-2.0"
    },
    "node_modules/hugo-flexsearch": {
      "version": "1.0.2",
      "resolved": "https://registry.npmjs.org/hugo-flexsearch/-/hugo-flexsearch-1.0.2.tgz",
      "integrity": "sha512-vJDRMFYj77zeU95vnBpM3fvI8HVsygzZZDwciuy1ZiKwUdwDpsy7wF1Ss1TDPe4HTIiLzUwrc0qIsG2V7esZSw==",
      "license": "MIT",
      "dependencies": {
        "flexsearch": "^0.6.32"
      }
    }
  }
}
